
Microsoft Visual Studio Solution File, Format Version 12.00
# Visual Studio Version 17
VisualStudioVersion = 17.7.34024.191
MinimumVisualStudioVersion = 10.0.40219.1
Project("{9A19103F-16F7-4668-BE54-9A1E7A4F7556}") = "klikTeller", "klikTeller\klikTeller.csproj", "{333898E8-20F6-4703-B17C-B36AF9CBE888}"
EndProject
Project("{888888A0-9F3D-457C-B088-3A5042F75D52}") = "klikTellerpi", "klikTellerpi\klikTellerpi.pyproj", "{85C31CF7-BB46-46E4-BAC0-E39C747C1971}"
EndProject
Project("{9A19103F-16F7-4668-BE54-9A1E7A4F7556}") = "Checksum", "Checksum\Checksum.csproj", "{BFE6D1A7-6764-41F3-8C78-0AB568BA703B}"
EndProject
Project("{9A19103F-16F7-4668-BE54-9A1E7A4F7556}") = "Smiley", "Smiley\Smiley.csproj", "{2637C0A3-5266-48BA-9F28-7E932A6A2086}"
EndProject
Project("{9A19103F-16F7-4668-BE54-9A1E7A4F7556}") = "SmileyWMethods", "SmileyWMethods\SmileyWMethods.csproj", "{8F47BC6B-E847-42F3-968E-E899752EA621}"
EndProject
Project("{9A19103F-16F7-4668-BE54-9A1E7A4F7556}") = "SmileyWMouse", "SmileyWMouse\SmileyWMouse.csproj", "{EA90E454-F314-4FA5-8753-C0C2E47CC399}"
EndProject
Project("{9A19103F-16F7-4668-BE54-9A1E7A4F7556}") = "Eyes", "Eyes\Eyes.csproj", "{E90F091B-7348-42BC-A823-7356D1C468C3}"
EndProject
Project("{FAE04EC0-301F-11D3-BF4B-00C04F79EFBC}") = "Mandelbrot", "Mandelbrot\Mandelbrot.csproj", "{53EC15B3-338E-4F7B-B883-414AE396AA5E}"
EndProject
Global
	GlobalSection(SolutionConfigurationPlatforms) = preSolution
		Debug|Any CPU = Debug|Any CPU
		Release|Any CPU = Release|Any CPU
	EndGlobalSection
	GlobalSection(ProjectConfigurationPlatforms) = postSolution
		{333898E8-20F6-4703-B17C-B36AF9CBE888}.Debug|Any CPU.ActiveCfg = Debug|Any CPU
		{333898E8-20F6-4703-B17C-B36AF9CBE888}.Debug|Any CPU.Build.0 = Debug|Any CPU
		{333898E8-20F6-4703-B17C-B36AF9CBE888}.Release|Any CPU.ActiveCfg = Release|Any CPU
		{333898E8-20F6-4703-B17C-B36AF9CBE888}.Release|Any CPU.Build.0 = Release|Any CPU
		{85C31CF7-BB46-46E4-BAC0-E39C747C1971}.Debug|Any CPU.ActiveCfg = Debug|Any CPU
		{85C31CF7-BB46-46E4-BAC0-E39C747C1971}.Release|Any CPU.ActiveCfg = Release|Any CPU
		{BFE6D1A7-6764-41F3-8C78-0AB568BA703B}.Debug|Any CPU.ActiveCfg = Debug|Any CPU
		{BFE6D1A7-6764-41F3-8C78-0AB568BA703B}.Debug|Any CPU.Build.0 = Debug|Any CPU
		{BFE6D1A7-6764-41F3-8C78-0AB568BA703B}.Release|Any CPU.ActiveCfg = Release|Any CPU
		{BFE6D1A7-6764-41F3-8C78-0AB568BA703B}.Release|Any CPU.Build.0 = Release|Any CPU
		{2637C0A3-5266-48BA-9F28-7E932A6A2086}.Debug|Any CPU.ActiveCfg = Debug|Any CPU
		{2637C0A3-5266-48BA-9F28-7E932A6A2086}.Debug|Any CPU.Build.0 = Debug|Any CPU
		{2637C0A3-5266-48BA-9F28-7E932A6A2086}.Release|Any CPU.ActiveCfg = Release|Any CPU
		{2637C0A3-5266-48BA-9F28-7E932A6A2086}.Release|Any CPU.Build.0 = Release|Any CPU
		{8F47BC6B-E847-42F3-968E-E899752EA621}.Debug|Any CPU.ActiveCfg = Debug|Any CPU
		{8F47BC6B-E847-42F3-968E-E899752EA621}.Debug|Any CPU.Build.0 = Debug|Any CPU
		{8F47BC6B-E847-42F3-968E-E899752EA621}.Release|Any CPU.ActiveCfg = Release|Any CPU
		{8F47BC6B-E847-42F3-968E-E899752EA621}.Release|Any CPU.Build.0 = Release|Any CPU
		{EA90E454-F314-4FA5-8753-C0C2E47CC399}.Debug|Any CPU.ActiveCfg = Debug|Any CPU
		{EA90E454-F314-4FA5-8753-C0C2E47CC399}.Debug|Any CPU.Build.0 = Debug|Any CPU
		{EA90E454-F314-4FA5-8753-C0C2E47CC399}.Release|Any CPU.ActiveCfg = Release|Any CPU
		{EA90E454-F314-4FA5-8753-C0C2E47CC399}.Release|Any CPU.Build.0 = Release|Any CPU
		{E90F091B-7348-42BC-A823-7356D1C468C3}.Debug|Any CPU.ActiveCfg = Debug|Any CPU
		{E90F091B-7348-42BC-A823-7356D1C468C3}.Debug|Any CPU.Build.0 = Debug|Any CPU
		{E90F091B-7348-42BC-A823-7356D1C468C3}.Release|Any CPU.ActiveCfg = Release|Any CPU
		{E90F091B-7348-42BC-A823-7356D1C468C3}.Release|Any CPU.Build.0 = Release|Any CPU
		{53EC15B3-338E-4F7B-B883-414AE396AA5E}.Debug|Any CPU.ActiveCfg = Debug|Any CPU
		{53EC15B3-338E-4F7B-B883-414AE396AA5E}.Debug|Any CPU.Build.0 = Debug|Any CPU
		{53EC15B3-338E-4F7B-B883-414AE396AA5E}.Release|Any CPU.ActiveCfg = Release|Any CPU
		{53EC15B3-338E-4F7B-B883-414AE396AA5E}.Release|Any CPU.Build.0 = Release|Any CPU
	EndGlobalSection
	GlobalSection(SolutionProperties) = preSolution
		HideSolutionNode = FALSE
	EndGlobalSection
	GlobalSection(ExtensibilityGlobals) = postSolution
		SolutionGuid = {4C2342C0-1840-418B-A1EE-6F568916887B}
	EndGlobalSection
EndGlobal
