
Microsoft Visual Studio Solution File, Format Version 12.00
# Visual Studio Version 17
VisualStudioVersion = 17.7.34024.191
MinimumVisualStudioVersion = 10.0.40219.1
Project("{FAE04EC0-301F-11D3-BF4B-00C04F79EFBC}") = "verKdag", "verKdag\verKdag.csproj", "{A8399BF0-6806-4D01-84AB-BF296C99A658}"
EndProject
Global
	GlobalSection(SolutionConfigurationPlatforms) = preSolution
		Debug|Any CPU = Debug|Any CPU
		Release|Any CPU = Release|Any CPU
	EndGlobalSection
	GlobalSection(ProjectConfigurationPlatforms) = postSolution
		{A8399BF0-6806-4D01-84AB-BF296C99A658}.Debug|Any CPU.ActiveCfg = Debug|Any CPU
		{A8399BF0-6806-4D01-84AB-BF296C99A658}.Debug|Any CPU.Build.0 = Debug|Any CPU
		{A8399BF0-6806-4D01-84AB-BF296C99A658}.Release|Any CPU.ActiveCfg = Release|Any CPU
		{A8399BF0-6806-4D01-84AB-BF296C99A658}.Release|Any CPU.Build.0 = Release|Any CPU
	EndGlobalSection
	GlobalSection(SolutionProperties) = preSolution
		HideSolutionNode = FALSE
	EndGlobalSection
	GlobalSection(ExtensibilityGlobals) = postSolution
		SolutionGuid = {FE7B27AF-E7B3-4FA7-919B-826D69DCAF6D}
	EndGlobalSection
EndGlobal
